PODS:
  - filter_audio (0.4.3)
  - Spokestack-iOS (7.0.0):
    - filter_audio (~> 0.4.3)
    - TensorFlowLiteSwift (~> 1.14.0)
  - TensorFlowLiteC (1.14.0)
  - TensorFlowLiteSwift (1.14.0):
    - TensorFlowLiteC (= 1.14.0)

DEPENDENCIES:
  - Spokestack-iOS

SPEC REPOS:
  trunk:
    - filter_audio
    - Spokestack-iOS
    - TensorFlowLiteC
    - TensorFlowLiteSwift

SPEC CHECKSUMS:
  filter_audio: 93822826dcc07a70f41a5a4b103cae97c9efde83
  Spokestack-iOS: 3c6a34fe4073527c9ccf019709bbe0778477f54b
  TensorFlowLiteC: a6702011fb661928634e59565b5fe262f69692d0
  TensorFlowLiteSwift: ac8c816ae2d65f631a96151e7991c46412aec7eb

PODFILE CHECKSUM: bb6362906cfd58f0254f30dbb392152d831a97d1

COCOAPODS: 1.8.4
