// !$*UTF8*$!
{
	archiveVersion = 1;
	classes = {
	};
	objectVersion = 50;
	objects = {

/* Begin PBXBuildFile section */
		3310B776244A15740015C812 /* HintArrowView.swift in Sources */ = {isa = PBXBuildFile; fileRef = 3310B775244A15740015C812 /* HintArrowView.swift */; };
		3332887624461933006C3BDE /* NLUStore.swift in Sources */ = {isa = PBXBuildFile; fileRef = 3332887524461933006C3BDE /* NLUStore.swift */; };
		3332887924462EAE006C3BDE /* NLUDemoDetail.swift in Sources */ = {isa = PBXBuildFile; fileRef = 3332887824462EAE006C3BDE /* NLUDemoDetail.swift */; };
		3332887D24465ADC006C3BDE /* camera.tflite in Resources */ = {isa = PBXBuildFile; fileRef = 3332887A24465ADC006C3BDE /* camera.tflite */; };
		3332887E24465ADC006C3BDE /* camera.json in Resources */ = {isa = PBXBuildFile; fileRef = 3332887B24465ADC006C3BDE /* camera.json */; };
		3332887F24465ADC006C3BDE /* vocab.txt in Resources */ = {isa = PBXBuildFile; fileRef = 3332887C24465ADC006C3BDE /* vocab.txt */; };
		3352E927244F6F6800890B7E /* LaunchView.swift in Sources */ = {isa = PBXBuildFile; fileRef = 3352E926244F6F6800890B7E /* LaunchView.swift */; };
		33578B7124533C9100714B6A /* WakewordDemoDetail.swift in Sources */ = {isa = PBXBuildFile; fileRef = 33578B7024533C9100714B6A /* WakewordDemoDetail.swift */; };
		3359D6E3245731E000AA591D /* modelData.json in Resources */ = {isa = PBXBuildFile; fileRef = 3359D6E2245731E000AA591D /* modelData.json */; };
		3359D6E62457501300AA591D /* mobile.json in Resources */ = {isa = PBXBuildFile; fileRef = 3359D6E42457501200AA591D /* mobile.json */; };
		3359D6E72457501300AA591D /* mobile.tflite in Resources */ = {isa = PBXBuildFile; fileRef = 3359D6E52457501300AA591D /* mobile.tflite */; };
		3359D6EA245750F000AA591D /* timer.json in Resources */ = {isa = PBXBuildFile; fileRef = 3359D6E8245750F000AA591D /* timer.json */; };
		3359D6EB245750F000AA591D /* timer.tflite in Resources */ = {isa = PBXBuildFile; fileRef = 3359D6E9245750F000AA591D /* timer.tflite */; };
		3359D6ED245751BB00AA591D /* NLUModel.swift in Sources */ = {isa = PBXBuildFile; fileRef = 3359D6EC245751BB00AA591D /* NLUModel.swift */; };
		3372BF6B2460D6C000EFB111 /* ListeningIcon.swift in Sources */ = {isa = PBXBuildFile; fileRef = 3372BF6A2460D6C000EFB111 /* ListeningIcon.swift */; };
		33744541244E5A6D0049A50C /* Permissions.swift in Sources */ = {isa = PBXBuildFile; fileRef = 33744540244E5A6D0049A50C /* Permissions.swift */; };
		3398470324478D9C000C4242 /* ClassifyingView.swift in Sources */ = {isa = PBXBuildFile; fileRef = 3398470224478D9C000C4242 /* ClassifyingView.swift */; };
		33A3FB13243F67A900FBFBCB /* AppDelegate.swift in Sources */ = {isa = PBXBuildFile; fileRef = 33A3FB12243F67A900FBFBCB /* AppDelegate.swift */; };
		33A3FB15243F67A900FBFBCB /* SceneDelegate.swift in Sources */ = {isa = PBXBuildFile; fileRef = 33A3FB14243F67A900FBFBCB /* SceneDelegate.swift */; };
		33A3FB19243F67AB00FBFBCB /* Assets.xcassets in Resources */ = {isa = PBXBuildFile; fileRef = 33A3FB18243F67AB00FBFBCB /* Assets.xcassets */; };
		33A3FB1C243F67AB00FBFBCB /* Preview Assets.xcassets in Resources */ = {isa = PBXBuildFile; fileRef = 33A3FB1B243F67AB00FBFBCB /* Preview Assets.xcassets */; };
		33A3FB1F243F67AB00FBFBCB /* LaunchScreen.storyboard in Resources */ = {isa = PBXBuildFile; fileRef = 33A3FB1D243F67AB00FBFBCB /* LaunchScreen.storyboard */; };
		33A3FB2A243F67AB00FBFBCB /* Spokestack_Studio_iOSTests.swift in Sources */ = {isa = PBXBuildFile; fileRef = 33A3FB29243F67AB00FBFBCB /* Spokestack_Studio_iOSTests.swift */; };
		33A3FB35243F67AB00FBFBCB /* Spokestack_Studio_iOSUITests.swift in Sources */ = {isa = PBXBuildFile; fileRef = 33A3FB34243F67AB00FBFBCB /* Spokestack_Studio_iOSUITests.swift */; };
		33A3FB43243F6ADD00FBFBCB /* DemoList.swift in Sources */ = {isa = PBXBuildFile; fileRef = 33A3FB42243F6ADD00FBFBCB /* DemoList.swift */; };
		33A3FB46243F6B2000FBFBCB /* DemoRow.swift in Sources */ = {isa = PBXBuildFile; fileRef = 33A3FB45243F6B2000FBFBCB /* DemoRow.swift */; };
		33A3FB49243F6B9800FBFBCB /* Data.swift in Sources */ = {isa = PBXBuildFile; fileRef = 33A3FB48243F6B9800FBFBCB /* Data.swift */; };
		33A3FB4B243F6BEF00FBFBCB /* Demo.swift in Sources */ = {isa = PBXBuildFile; fileRef = 33A3FB4A243F6BEF00FBFBCB /* Demo.swift */; };
		33A3FB4E243F6CC200FBFBCB /* demoData.json in Resources */ = {isa = PBXBuildFile; fileRef = 33A3FB4D243F6CC200FBFBCB /* demoData.json */; };
		33A3FB51243F822100FBFBCB /* ASRDemoDetail.swift in Sources */ = {isa = PBXBuildFile; fileRef = 33A3FB50243F822100FBFBCB /* ASRDemoDetail.swift */; };
		33A3FB57243FC49300FBFBCB /* WaveView.swift in Sources */ = {isa = PBXBuildFile; fileRef = 33A3FB56243FC49300FBFBCB /* WaveView.swift */; };
		33AACCCC2444CB1700DF3700 /* TTSDemoDetail.swift in Sources */ = {isa = PBXBuildFile; fileRef = 33AACCCB2444CB1700DF3700 /* TTSDemoDetail.swift */; };
		33AACCCE2444CC1A00DF3700 /* PipelineStore.swift in Sources */ = {isa = PBXBuildFile; fileRef = 33AACCCD2444CC1A00DF3700 /* PipelineStore.swift */; };
		33AACCD02444EFD700DF3700 /* SpeechStore.swift in Sources */ = {isa = PBXBuildFile; fileRef = 33AACCCF2444EFD700DF3700 /* SpeechStore.swift */; };
		7BD642C6A595E7A6101B90CB /* Pods_Spokestack_Studio_iOS.framework in Frameworks */ = {isa = PBXBuildFile; fileRef = 42FB2D58825BF78AC8D26AD3 /* Pods_Spokestack_Studio_iOS.framework */; };
/* End PBXBuildFile section */

/* Begin PBXContainerItemProxy section */
		33A3FB26243F67AB00FBFBCB /* PBXContainerItemProxy */ = {
			isa = PBXContainerItemProxy;
			containerPortal = 33A3FB07243F67A900FBFBCB /* Project object */;
			proxyType = 1;
			remoteGlobalIDString = 33A3FB0E243F67A900FBFBCB;
			remoteInfo = "Spokestack Studio iOS";
		};
		33A3FB31243F67AB00FBFBCB /* PBXContainerItemProxy */ = {
			isa = PBXContainerItemProxy;
			containerPortal = 33A3FB07243F67A900FBFBCB /* Project object */;
			proxyType = 1;
			remoteGlobalIDString = 33A3FB0E243F67A900FBFBCB;
			remoteInfo = "Spokestack Studio iOS";
		};
/* End PBXContainerItemProxy section */

/* Begin PBXFileReference section */
		1B4E6F80FD9BA61D40C7D88F /* Pods-Spokestack Studio iOS.release.xcconfig */ = {isa = PBXFileReference; includeInIndex = 1; lastKnownFileType = text.xcconfig; name = "Pods-Spokestack Studio iOS.release.xcconfig"; path = "Target Support Files/Pods-Spokestack Studio iOS/Pods-Spokestack Studio iOS.release.xcconfig"; sourceTree = "<group>"; };
		3310B775244A15740015C812 /* HintArrowView.swift */ = {isa = PBXFileReference; lastKnownFileType = sourcecode.swift; path = HintArrowView.swift; sourceTree = "<group>"; };
		3332887524461933006C3BDE /* NLUStore.swift */ = {isa = PBXFileReference; lastKnownFileType = sourcecode.swift; path = NLUStore.swift; sourceTree = "<group>"; };
		3332887824462EAE006C3BDE /* NLUDemoDetail.swift */ = {isa = PBXFileReference; lastKnownFileType = sourcecode.swift; path = NLUDemoDetail.swift; sourceTree = "<group>"; };
		3332887A24465ADC006C3BDE /* camera.tflite */ = {isa = PBXFileReference; lastKnownFileType = file; path = camera.tflite; sourceTree = "<group>"; };
		3332887B24465ADC006C3BDE /* camera.json */ = {isa = PBXFileReference; fileEncoding = 4; lastKnownFileType = text.json; path = camera.json; sourceTree = "<group>"; };
		3332887C24465ADC006C3BDE /* vocab.txt */ = {isa = PBXFileReference; fileEncoding = 4; lastKnownFileType = text; path = vocab.txt; sourceTree = "<group>"; };
		3352E926244F6F6800890B7E /* LaunchView.swift */ = {isa = PBXFileReference; lastKnownFileType = sourcecode.swift; path = LaunchView.swift; sourceTree = "<group>"; };
		33578B7024533C9100714B6A /* WakewordDemoDetail.swift */ = {isa = PBXFileReference; lastKnownFileType = sourcecode.swift; path = WakewordDemoDetail.swift; sourceTree = "<group>"; };
		3359D6E2245731E000AA591D /* modelData.json */ = {isa = PBXFileReference; lastKnownFileType = text.json; path = modelData.json; sourceTree = "<group>"; };
		3359D6E42457501200AA591D /* mobile.json */ = {isa = PBXFileReference; fileEncoding = 4; lastKnownFileType = text.json; path = mobile.json; sourceTree = "<group>"; };
		3359D6E52457501300AA591D /* mobile.tflite */ = {isa = PBXFileReference; lastKnownFileType = file; path = mobile.tflite; sourceTree = "<group>"; };
		3359D6E8245750F000AA591D /* timer.json */ = {isa = PBXFileReference; fileEncoding = 4; lastKnownFileType = text.json; path = timer.json; sourceTree = "<group>"; };
		3359D6E9245750F000AA591D /* timer.tflite */ = {isa = PBXFileReference; lastKnownFileType = file; path = timer.tflite; sourceTree = "<group>"; };
		3359D6EC245751BB00AA591D /* NLUModel.swift */ = {isa = PBXFileReference; lastKnownFileType = sourcecode.swift; path = NLUModel.swift; sourceTree = "<group>"; };
		3372BF6A2460D6C000EFB111 /* ListeningIcon.swift */ = {isa = PBXFileReference; lastKnownFileType = sourcecode.swift; path = ListeningIcon.swift; sourceTree = "<group>"; };
		33744540244E5A6D0049A50C /* Permissions.swift */ = {isa = PBXFileReference; lastKnownFileType = sourcecode.swift; path = Permissions.swift; sourceTree = "<group>"; };
		3398470224478D9C000C4242 /* ClassifyingView.swift */ = {isa = PBXFileReference; lastKnownFileType = sourcecode.swift; path = ClassifyingView.swift; sourceTree = "<group>"; };
		33A3FB0F243F67A900FBFBCB /* Spokestack Studio.app */ = {isa = PBXFileReference; explicitFileType = wrapper.application; includeInIndex = 0; path = "Spokestack Studio.app"; sourceTree = BUILT_PRODUCTS_DIR; };
		33A3FB12243F67A900FBFBCB /* AppDelegate.swift */ = {isa = PBXFileReference; lastKnownFileType = sourcecode.swift; path = AppDelegate.swift; sourceTree = "<group>"; };
		33A3FB14243F67A900FBFBCB /* SceneDelegate.swift */ = {isa = PBXFileReference; lastKnownFileType = sourcecode.swift; path = SceneDelegate.swift; sourceTree = "<group>"; };
		33A3FB18243F67AB00FBFBCB /* Assets.xcassets */ = {isa = PBXFileReference; lastKnownFileType = folder.assetcatalog; path = Assets.xcassets; sourceTree = "<group>"; };
		33A3FB1B243F67AB00FBFBCB /* Preview Assets.xcassets */ = {isa = PBXFileReference; lastKnownFileType = folder.assetcatalog; path = "Preview Assets.xcassets"; sourceTree = "<group>"; };
		33A3FB1E243F67AB00FBFBCB /* Base */ = {isa = PBXFileReference; lastKnownFileType = file.storyboard; name = Base; path = Base.lproj/LaunchScreen.storyboard; sourceTree = "<group>"; };
		33A3FB20243F67AB00FBFBCB /* Info.plist */ = {isa = PBXFileReference; lastKnownFileType = text.plist.xml; path = Info.plist; sourceTree = "<group>"; };
		33A3FB25243F67AB00FBFBCB /* Spokestack Studio iOSTests.xctest */ = {isa = PBXFileReference; explicitFileType = wrapper.cfbundle; includeInIndex = 0; path = "Spokestack Studio iOSTests.xctest"; sourceTree = BUILT_PRODUCTS_DIR; };
		33A3FB29243F67AB00FBFBCB /* Spokestack_Studio_iOSTests.swift */ = {isa = PBXFileReference; lastKnownFileType = sourcecode.swift; path = Spokestack_Studio_iOSTests.swift; sourceTree = "<group>"; };
		33A3FB2B243F67AB00FBFBCB /* Info.plist */ = {isa = PBXFileReference; lastKnownFileType = text.plist.xml; path = Info.plist; sourceTree = "<group>"; };
		33A3FB30243F67AB00FBFBCB /* Spokestack Studio iOSUITests.xctest */ = {isa = PBXFileReference; explicitFileType = wrapper.cfbundle; includeInIndex = 0; path = "Spokestack Studio iOSUITests.xctest"; sourceTree = BUILT_PRODUCTS_DIR; };
		33A3FB34243F67AB00FBFBCB /* Spokestack_Studio_iOSUITests.swift */ = {isa = PBXFileReference; lastKnownFileType = sourcecode.swift; path = Spokestack_Studio_iOSUITests.swift; sourceTree = "<group>"; };
		33A3FB36243F67AB00FBFBCB /* Info.plist */ = {isa = PBXFileReference; lastKnownFileType = text.plist.xml; path = Info.plist; sourceTree = "<group>"; };
		33A3FB42243F6ADD00FBFBCB /* DemoList.swift */ = {isa = PBXFileReference; lastKnownFileType = sourcecode.swift; path = DemoList.swift; sourceTree = "<group>"; };
		33A3FB45243F6B2000FBFBCB /* DemoRow.swift */ = {isa = PBXFileReference; lastKnownFileType = sourcecode.swift; path = DemoRow.swift; sourceTree = "<group>"; };
		33A3FB48243F6B9800FBFBCB /* Data.swift */ = {isa = PBXFileReference; lastKnownFileType = sourcecode.swift; path = Data.swift; sourceTree = "<group>"; };
		33A3FB4A243F6BEF00FBFBCB /* Demo.swift */ = {isa = PBXFileReference; lastKnownFileType = sourcecode.swift; path = Demo.swift; sourceTree = "<group>"; };
		33A3FB4D243F6CC200FBFBCB /* demoData.json */ = {isa = PBXFileReference; lastKnownFileType = text.json; path = demoData.json; sourceTree = "<group>"; };
		33A3FB50243F822100FBFBCB /* ASRDemoDetail.swift */ = {isa = PBXFileReference; lastKnownFileType = sourcecode.swift; path = ASRDemoDetail.swift; sourceTree = "<group>"; };
		33A3FB56243FC49300FBFBCB /* WaveView.swift */ = {isa = PBXFileReference; lastKnownFileType = sourcecode.swift; path = WaveView.swift; sourceTree = "<group>"; };
		33AACCCB2444CB1700DF3700 /* TTSDemoDetail.swift */ = {isa = PBXFileReference; lastKnownFileType = sourcecode.swift; path = TTSDemoDetail.swift; sourceTree = "<group>"; };
		33AACCCD2444CC1A00DF3700 /* PipelineStore.swift */ = {isa = PBXFileReference; lastKnownFileType = sourcecode.swift; path = PipelineStore.swift; sourceTree = "<group>"; };
		33AACCCF2444EFD700DF3700 /* SpeechStore.swift */ = {isa = PBXFileReference; lastKnownFileType = sourcecode.swift; path = SpeechStore.swift; sourceTree = "<group>"; };
		42FB2D58825BF78AC8D26AD3 /* Pods_Spokestack_Studio_iOS.framework */ = {isa = PBXFileReference; explicitFileType = wrapper.framework; includeInIndex = 0; path = Pods_Spokestack_Studio_iOS.framework; sourceTree = BUILT_PRODUCTS_DIR; };
		DF5495AD9D31EF7AB0845F6B /* Pods-Spokestack Studio iOS.debug.xcconfig */ = {isa = PBXFileReference; includeInIndex = 1; lastKnownFileType = text.xcconfig; name = "Pods-Spokestack Studio iOS.debug.xcconfig"; path = "Target Support Files/Pods-Spokestack Studio iOS/Pods-Spokestack Studio iOS.debug.xcconfig"; sourceTree = "<group>"; };
/* End PBXFileReference section */

/* Begin PBXFrameworksBuildPhase section */
		33A3FB0C243F67A900FBFBCB /* Frameworks */ = {
			isa = PBXFrameworksBuildPhase;
			buildActionMask = 2147483647;
			files = (
				7BD642C6A595E7A6101B90CB /* Pods_Spokestack_Studio_iOS.framework in Frameworks */,
			);
			runOnlyForDeploymentPostprocessing = 0;
		};
		33A3FB22243F67AB00FBFBCB /* Frameworks */ = {
			isa = PBXFrameworksBuildPhase;
			buildActionMask = 2147483647;
			files = (
			);
			runOnlyForDeploymentPostprocessing = 0;
		};
		33A3FB2D243F67AB00FBFBCB /* Frameworks */ = {
			isa = PBXFrameworksBuildPhase;
			buildActionMask = 2147483647;
			files = (
			);
			runOnlyForDeploymentPostprocessing = 0;
		};
/* End PBXFrameworksBuildPhase section */

/* Begin PBXGroup section */
		3332887724462CB0006C3BDE /* NLU */ = {
			isa = PBXGroup;
			children = (
				3332887824462EAE006C3BDE /* NLUDemoDetail.swift */,
				3398470224478D9C000C4242 /* ClassifyingView.swift */,
			);
			path = NLU;
			sourceTree = "<group>";
		};
		33578B6F24533C4500714B6A /* Wakeword */ = {
			isa = PBXGroup;
			children = (
				33578B7024533C9100714B6A /* WakewordDemoDetail.swift */,
			);
			path = Wakeword;
			sourceTree = "<group>";
		};
		3372BF692460D66F00EFB111 /* Shared Components */ = {
			isa = PBXGroup;
			children = (
				33A3FB56243FC49300FBFBCB /* WaveView.swift */,
				3310B775244A15740015C812 /* HintArrowView.swift */,
				3372BF6A2460D6C000EFB111 /* ListeningIcon.swift */,
			);
			path = "Shared Components";
			sourceTree = "<group>";
		};
		3374453F244E55430049A50C /* Permissions */ = {
			isa = PBXGroup;
			children = (
				33744540244E5A6D0049A50C /* Permissions.swift */,
			);
			path = Permissions;
			sourceTree = "<group>";
		};
		33A3FB06243F67A900FBFBCB = {
			isa = PBXGroup;
			children = (
				33A3FB11243F67A900FBFBCB /* Spokestack Studio iOS */,
				33A3FB28243F67AB00FBFBCB /* Spokestack Studio iOSTests */,
				33A3FB33243F67AB00FBFBCB /* Spokestack Studio iOSUITests */,
				33A3FB10243F67A900FBFBCB /* Products */,
				C667BDC6F5E34CA122E421F2 /* Pods */,
				3975D6F20DAFB98059DC3750 /* Frameworks */,
			);
			sourceTree = "<group>";
		};
		33A3FB10243F67A900FBFBCB /* Products */ = {
			isa = PBXGroup;
			children = (
				33A3FB0F243F67A900FBFBCB /* Spokestack Studio.app */,
				33A3FB25243F67AB00FBFBCB /* Spokestack Studio iOSTests.xctest */,
				33A3FB30243F67AB00FBFBCB /* Spokestack Studio iOSUITests.xctest */,
			);
			name = Products;
			sourceTree = "<group>";
		};
		33A3FB11243F67A900FBFBCB /* Spokestack Studio iOS */ = {
			isa = PBXGroup;
			children = (
				3372BF692460D66F00EFB111 /* Shared Components */,
				3374453F244E55430049A50C /* Permissions */,
				33A3FB44243F6AE700FBFBCB /* Home */,
				33A3FB4F243F81BC00FBFBCB /* ASR */,
				33AACCC82444BB3D00DF3700 /* TTS */,
				3332887724462CB0006C3BDE /* NLU */,
				33578B6F24533C4500714B6A /* Wakeword */,
				33A3FB4C243F6C9400FBFBCB /* Resources */,
				33A3FB47243F6B7A00FBFBCB /* Models */,
				33A3FB12243F67A900FBFBCB /* AppDelegate.swift */,
				33A3FB14243F67A900FBFBCB /* SceneDelegate.swift */,
				33A3FB18243F67AB00FBFBCB /* Assets.xcassets */,
				33A3FB1D243F67AB00FBFBCB /* LaunchScreen.storyboard */,
				33A3FB20243F67AB00FBFBCB /* Info.plist */,
				33A3FB1A243F67AB00FBFBCB /* Preview Content */,
				33AACCCD2444CC1A00DF3700 /* PipelineStore.swift */,
				33AACCCF2444EFD700DF3700 /* SpeechStore.swift */,
				3332887524461933006C3BDE /* NLUStore.swift */,
			);
			path = "Spokestack Studio iOS";
			sourceTree = "<group>";
		};
		33A3FB1A243F67AB00FBFBCB /* Preview Content */ = {
			isa = PBXGroup;
			children = (
				33A3FB1B243F67AB00FBFBCB /* Preview Assets.xcassets */,
			);
			path = "Preview Content";
			sourceTree = "<group>";
		};
		33A3FB28243F67AB00FBFBCB /* Spokestack Studio iOSTests */ = {
			isa = PBXGroup;
			children = (
				33A3FB29243F67AB00FBFBCB /* Spokestack_Studio_iOSTests.swift */,
				33A3FB2B243F67AB00FBFBCB /* Info.plist */,
			);
			path = "Spokestack Studio iOSTests";
			sourceTree = "<group>";
		};
		33A3FB33243F67AB00FBFBCB /* Spokestack Studio iOSUITests */ = {
			isa = PBXGroup;
			children = (
				33A3FB34243F67AB00FBFBCB /* Spokestack_Studio_iOSUITests.swift */,
				33A3FB36243F67AB00FBFBCB /* Info.plist */,
			);
			path = "Spokestack Studio iOSUITests";
			sourceTree = "<group>";
		};
		33A3FB44243F6AE700FBFBCB /* Home */ = {
			isa = PBXGroup;
			children = (
				33A3FB42243F6ADD00FBFBCB /* DemoList.swift */,
				33A3FB45243F6B2000FBFBCB /* DemoRow.swift */,
				3352E926244F6F6800890B7E /* LaunchView.swift */,
			);
			path = Home;
			sourceTree = "<group>";
		};
		33A3FB47243F6B7A00FBFBCB /* Models */ = {
			isa = PBXGroup;
			children = (
				33A3FB48243F6B9800FBFBCB /* Data.swift */,
				33A3FB4A243F6BEF00FBFBCB /* Demo.swift */,
				3359D6EC245751BB00AA591D /* NLUModel.swift */,
			);
			path = Models;
			sourceTree = "<group>";
		};
		33A3FB4C243F6C9400FBFBCB /* Resources */ = {
			isa = PBXGroup;
			children = (
				3359D6E8245750F000AA591D /* timer.json */,
				3359D6E9245750F000AA591D /* timer.tflite */,
				3359D6E42457501200AA591D /* mobile.json */,
				3359D6E52457501300AA591D /* mobile.tflite */,
				3332887B24465ADC006C3BDE /* camera.json */,
				3332887A24465ADC006C3BDE /* camera.tflite */,
				3332887C24465ADC006C3BDE /* vocab.txt */,
				33A3FB4D243F6CC200FBFBCB /* demoData.json */,
				3359D6E2245731E000AA591D /* modelData.json */,
			);
			path = Resources;
			sourceTree = "<group>";
		};
		33A3FB4F243F81BC00FBFBCB /* ASR */ = {
			isa = PBXGroup;
			children = (
				33A3FB50243F822100FBFBCB /* ASRDemoDetail.swift */,
			);
			path = ASR;
			sourceTree = "<group>";
		};
		33AACCC82444BB3D00DF3700 /* TTS */ = {
			isa = PBXGroup;
			children = (
				33AACCCB2444CB1700DF3700 /* TTSDemoDetail.swift */,
			);
			path = TTS;
			sourceTree = "<group>";
		};
		3975D6F20DAFB98059DC3750 /* Frameworks */ = {
			isa = PBXGroup;
			children = (
				42FB2D58825BF78AC8D26AD3 /* Pods_Spokestack_Studio_iOS.framework */,
			);
			name = Frameworks;
			sourceTree = "<group>";
		};
		C667BDC6F5E34CA122E421F2 /* Pods */ = {
			isa = PBXGroup;
			children = (
				DF5495AD9D31EF7AB0845F6B /* Pods-Spokestack Studio iOS.debug.xcconfig */,
				1B4E6F80FD9BA61D40C7D88F /* Pods-Spokestack Studio iOS.release.xcconfig */,
			);
			path = Pods;
			sourceTree = "<group>";
		};
/* End PBXGroup section */

/* Begin PBXNativeTarget section */
		33A3FB0E243F67A900FBFBCB /* Spokestack Studio iOS */ = {
			isa = PBXNativeTarget;
			buildConfigurationList = 33A3FB39243F67AB00FBFBCB /* Build configuration list for PBXNativeTarget "Spokestack Studio iOS" */;
			buildPhases = (
				F13A391ED4CF111F3D00B7A0 /* [CP] Check Pods Manifest.lock */,
				33A3FB0B243F67A900FBFBCB /* Sources */,
				33A3FB0C243F67A900FBFBCB /* Frameworks */,
				33A3FB0D243F67A900FBFBCB /* Resources */,
			);
			buildRules = (
			);
			dependencies = (
			);
			name = "Spokestack Studio iOS";
			productName = "Spokestack Studio iOS";
			productReference = 33A3FB0F243F67A900FBFBCB /* Spokestack Studio.app */;
			productType = "com.apple.product-type.application";
		};
		33A3FB24243F67AB00FBFBCB /* Spokestack Studio iOSTests */ = {
			isa = PBXNativeTarget;
			buildConfigurationList = 33A3FB3C243F67AB00FBFBCB /* Build configuration list for PBXNativeTarget "Spokestack Studio iOSTests" */;
			buildPhases = (
				33A3FB21243F67AB00FBFBCB /* Sources */,
				33A3FB22243F67AB00FBFBCB /* Frameworks */,
				33A3FB23243F67AB00FBFBCB /* Resources */,
			);
			buildRules = (
			);
			dependencies = (
				33A3FB27243F67AB00FBFBCB /* PBXTargetDependency */,
			);
			name = "Spokestack Studio iOSTests";
			productName = "Spokestack Studio iOSTests";
			productReference = 33A3FB25243F67AB00FBFBCB /* Spokestack Studio iOSTests.xctest */;
			productType = "com.apple.product-type.bundle.unit-test";
		};
		33A3FB2F243F67AB00FBFBCB /* Spokestack Studio iOSUITests */ = {
			isa = PBXNativeTarget;
			buildConfigurationList = 33A3FB3F243F67AB00FBFBCB /* Build configuration list for PBXNativeTarget "Spokestack Studio iOSUITests" */;
			buildPhases = (
				33A3FB2C243F67AB00FBFBCB /* Sources */,
				33A3FB2D243F67AB00FBFBCB /* Frameworks */,
				33A3FB2E243F67AB00FBFBCB /* Resources */,
			);
			buildRules = (
			);
			dependencies = (
				33A3FB32243F67AB00FBFBCB /* PBXTargetDependency */,
			);
			name = "Spokestack Studio iOSUITests";
			productName = "Spokestack Studio iOSUITests";
			productReference = 33A3FB30243F67AB00FBFBCB /* Spokestack Studio iOSUITests.xctest */;
			productType = "com.apple.product-type.bundle.ui-testing";
		};
/* End PBXNativeTarget section */

/* Begin PBXProject section */
		33A3FB07243F67A900FBFBCB /* Project object */ = {
			isa = PBXProject;
			attributes = {
				LastSwiftUpdateCheck = 1140;
				LastUpgradeCheck = 1140;
				ORGANIZATIONNAME = Spokestack;
				TargetAttributes = {
					33A3FB0E243F67A900FBFBCB = {
						CreatedOnToolsVersion = 11.4;
					};
					33A3FB24243F67AB00FBFBCB = {
						CreatedOnToolsVersion = 11.4;
						TestTargetID = 33A3FB0E243F67A900FBFBCB;
					};
					33A3FB2F243F67AB00FBFBCB = {
						CreatedOnToolsVersion = 11.4;
						TestTargetID = 33A3FB0E243F67A900FBFBCB;
					};
				};
			};
			buildConfigurationList = 33A3FB0A243F67A900FBFBCB /* Build configuration list for PBXProject "Spokestack Studio iOS" */;
			compatibilityVersion = "Xcode 9.3";
			developmentRegion = en;
			hasScannedForEncodings = 0;
			knownRegions = (
				en,
				Base,
			);
			mainGroup = 33A3FB06243F67A900FBFBCB;
			productRefGroup = 33A3FB10243F67A900FBFBCB /* Products */;
			projectDirPath = "";
			projectRoot = "";
			targets = (
				33A3FB0E243F67A900FBFBCB /* Spokestack Studio iOS */,
				33A3FB24243F67AB00FBFBCB /* Spokestack Studio iOSTests */,
				33A3FB2F243F67AB00FBFBCB /* Spokestack Studio iOSUITests */,
			);
		};
/* End PBXProject section */

/* Begin PBXResourcesBuildPhase section */
		33A3FB0D243F67A900FBFBCB /* Resources */ = {
			isa = PBXResourcesBuildPhase;
			buildActionMask = 2147483647;
			files = (
				3359D6E62457501300AA591D /* mobile.json in Resources */,
				33A3FB4E243F6CC200FBFBCB /* demoData.json in Resources */,
				3359D6E3245731E000AA591D /* modelData.json in Resources */,
				3332887D24465ADC006C3BDE /* camera.tflite in Resources */,
				33A3FB1F243F67AB00FBFBCB /* LaunchScreen.storyboard in Resources */,
				3359D6EA245750F000AA591D /* timer.json in Resources */,
				33A3FB1C243F67AB00FBFBCB /* Preview Assets.xcassets in Resources */,
				3332887E24465ADC006C3BDE /* camera.json in Resources */,
				3359D6E72457501300AA591D /* mobile.tflite in Resources */,
				3332887F24465ADC006C3BDE /* vocab.txt in Resources */,
				33A3FB19243F67AB00FBFBCB /* Assets.xcassets in Resources */,
				3359D6EB245750F000AA591D /* timer.tflite in Resources */,
			);
			runOnlyForDeploymentPostprocessing = 0;
		};
		33A3FB23243F67AB00FBFBCB /* Resources */ = {
			isa = PBXResourcesBuildPhase;
			buildActionMask = 2147483647;
			files = (
			);
			runOnlyForDeploymentPostprocessing = 0;
		};
		33A3FB2E243F67AB00FBFBCB /* Resources */ = {
			isa = PBXResourcesBuildPhase;
			buildActionMask = 2147483647;
			files = (
			);
			runOnlyForDeploymentPostprocessing = 0;
		};
/* End PBXResourcesBuildPhase section */

/* Begin PBXShellScriptBuildPhase section */
		F13A391ED4CF111F3D00B7A0 /* [CP] Check Pods Manifest.lock */ = {
			isa = PBXShellScriptBuildPhase;
			buildActionMask = 2147483647;
			files = (
			);
			inputFileListPaths = (
			);
			inputPaths = (
				"${PODS_PODFILE_DIR_PATH}/Podfile.lock",
				"${PODS_ROOT}/Manifest.lock",
			);
			name = "[CP] Check Pods Manifest.lock";
			outputFileListPaths = (
			);
			outputPaths = (
				"$(DERIVED_FILE_DIR)/Pods-Spokestack Studio iOS-checkManifestLockResult.txt",
			);
			runOnlyForDeploymentPostprocessing = 0;
			shellPath = /bin/sh;
			shellScript = "diff \"${PODS_PODFILE_DIR_PATH}/Podfile.lock\" \"${PODS_ROOT}/Manifest.lock\" > /dev/null\nif [ $? != 0 ] ; then\n    # print error to STDERR\n    echo \"error: The sandbox is not in sync with the Podfile.lock. Run 'pod install' or update your CocoaPods installation.\" >&2\n    exit 1\nfi\n# This output is used by Xcode 'outputs' to avoid re-running this script phase.\necho \"SUCCESS\" > \"${SCRIPT_OUTPUT_FILE_0}\"\n";
			showEnvVarsInLog = 0;
		};
/* End PBXShellScriptBuildPhase section */

/* Begin PBXSourcesBuildPhase section */
		33A3FB0B243F67A900FBFBCB /* Sources */ = {
			isa = PBXSourcesBuildPhase;
			buildActionMask = 2147483647;
			files = (
				33A3FB57243FC49300FBFBCB /* WaveView.swift in Sources */,
				33A3FB13243F67A900FBFBCB /* AppDelegate.swift in Sources */,
				33A3FB49243F6B9800FBFBCB /* Data.swift in Sources */,
				33578B7124533C9100714B6A /* WakewordDemoDetail.swift in Sources */,
				3359D6ED245751BB00AA591D /* NLUModel.swift in Sources */,
				33744541244E5A6D0049A50C /* Permissions.swift in Sources */,
				3310B776244A15740015C812 /* HintArrowView.swift in Sources */,
				33A3FB15243F67A900FBFBCB /* SceneDelegate.swift in Sources */,
				3352E927244F6F6800890B7E /* LaunchView.swift in Sources */,
				33AACCCC2444CB1700DF3700 /* TTSDemoDetail.swift in Sources */,
				3398470324478D9C000C4242 /* ClassifyingView.swift in Sources */,
				33A3FB43243F6ADD00FBFBCB /* DemoList.swift in Sources */,
				33A3FB51243F822100FBFBCB /* ASRDemoDetail.swift in Sources */,
				3332887624461933006C3BDE /* NLUStore.swift in Sources */,
				33AACCCE2444CC1A00DF3700 /* PipelineStore.swift in Sources */,
				3332887924462EAE006C3BDE /* NLUDemoDetail.swift in Sources */,
				33AACCD02444EFD700DF3700 /* SpeechStore.swift in Sources */,
				33A3FB4B243F6BEF00FBFBCB /* Demo.swift in Sources */,
				3372BF6B2460D6C000EFB111 /* ListeningIcon.swift in Sources */,
				33A3FB46243F6B2000FBFBCB /* DemoRow.swift in Sources */,
			);
			runOnlyForDeploymentPostprocessing = 0;
		};
		33A3FB21243F67AB00FBFBCB /* Sources */ = {
			isa = PBXSourcesBuildPhase;
			buildActionMask = 2147483647;
			files = (
				33A3FB2A243F67AB00FBFBCB /* Spokestack_Studio_iOSTests.swift in Sources */,
			);
			runOnlyForDeploymentPostprocessing = 0;
		};
		33A3FB2C243F67AB00FBFBCB /* Sources */ = {
			isa = PBXSourcesBuildPhase;
			buildActionMask = 2147483647;
			files = (
				33A3FB35243F67AB00FBFBCB /* Spokestack_Studio_iOSUITests.swift in Sources */,
			);
			runOnlyForDeploymentPostprocessing = 0;
		};
/* End PBXSourcesBuildPhase section */

/* Begin PBXTargetDependency section */
		33A3FB27243F67AB00FBFBCB /* PBXTargetDependency */ = {
			isa = PBXTargetDependency;
			target = 33A3FB0E243F67A900FBFBCB /* Spokestack Studio iOS */;
			targetProxy = 33A3FB26243F67AB00FBFBCB /* PBXContainerItemProxy */;
		};
		33A3FB32243F67AB00FBFBCB /* PBXTargetDependency */ = {
			isa = PBXTargetDependency;
			target = 33A3FB0E243F67A900FBFBCB /* Spokestack Studio iOS */;
			targetProxy = 33A3FB31243F67AB00FBFBCB /* PBXContainerItemProxy */;
		};
/* End PBXTargetDependency section */

/* Begin PBXVariantGroup section */
		33A3FB1D243F67AB00FBFBCB /* LaunchScreen.storyboard */ = {
			isa = PBXVariantGroup;
			children = (
				33A3FB1E243F67AB00FBFBCB /* Base */,
			);
			name = LaunchScreen.storyboard;
			sourceTree = "<group>";
		};
/* End PBXVariantGroup section */

/* Begin XCBuildConfiguration section */
		33A3FB37243F67AB00FBFBCB /* Debug */ = {
			isa = XCBuildConfiguration;
			buildSettings = {
				ALWAYS_SEARCH_USER_PATHS = NO;
				CLANG_ANALYZER_NONNULL = YES;
				CLANG_ANALYZER_NUMBER_OBJECT_CONVERSION = YES_AGGRESSIVE;
				CLANG_CXX_LANGUAGE_STANDARD = "gnu++14";
				CLANG_CXX_LIBRARY = "libc++";
				CLANG_ENABLE_MODULES = YES;
				CLANG_ENABLE_OBJC_ARC = YES;
				CLANG_ENABLE_OBJC_WEAK = YES;
				CLANG_WARN_BLOCK_CAPTURE_AUTORELEASING = YES;
				CLANG_WARN_BOOL_CONVERSION = YES;
				CLANG_WARN_COMMA = YES;
				CLANG_WARN_CONSTANT_CONVERSION = YES;
				CLANG_WARN_DEPRECATED_OBJC_IMPLEMENTATIONS = YES;
				CLANG_WARN_DIRECT_OBJC_ISA_USAGE = YES_ERROR;
				CLANG_WARN_DOCUMENTATION_COMMENTS = YES;
				CLANG_WARN_EMPTY_BODY = YES;
				CLANG_WARN_ENUM_CONVERSION = YES;
				CLANG_WARN_INFINITE_RECURSION = YES;
				CLANG_WARN_INT_CONVERSION = YES;
				CLANG_WARN_NON_LITERAL_NULL_CONVERSION = YES;
				CLANG_WARN_OBJC_IMPLICIT_RETAIN_SELF = YES;
				CLANG_WARN_OBJC_LITERAL_CONVERSION = YES;
				CLANG_WARN_OBJC_ROOT_CLASS = YES_ERROR;
				CLANG_WARN_RANGE_LOOP_ANALYSIS = YES;
				CLANG_WARN_STRICT_PROTOTYPES = YES;
				CLANG_WARN_SUSPICIOUS_MOVE = YES;
				CLANG_WARN_UNGUARDED_AVAILABILITY = YES_AGGRESSIVE;
				CLANG_WARN_UNREACHABLE_CODE = YES;
				CLANG_WARN__DUPLICATE_METHOD_MATCH = YES;
				COPY_PHASE_STRIP = NO;
				DEBUG_INFORMATION_FORMAT = dwarf;
				ENABLE_STRICT_OBJC_MSGSEND = YES;
				ENABLE_TESTABILITY = YES;
				GCC_C_LANGUAGE_STANDARD = gnu11;
				GCC_DYNAMIC_NO_PIC = NO;
				GCC_NO_COMMON_BLOCKS = YES;
				GCC_OPTIMIZATION_LEVEL = 0;
				GCC_PREPROCESSOR_DEFINITIONS = (
					"DEBUG=1",
					"$(inherited)",
				);
				GCC_WARN_64_TO_32_BIT_CONVERSION = YES;
				GCC_WARN_ABOUT_RETURN_TYPE = YES_ERROR;
				GCC_WARN_UNDECLARED_SELECTOR = YES;
				GCC_WARN_UNINITIALIZED_AUTOS = YES_AGGRESSIVE;
				GCC_WARN_UNUSED_FUNCTION = YES;
				GCC_WARN_UNUSED_VARIABLE = YES;
				IPHONEOS_DEPLOYMENT_TARGET = 13.4;
				MTL_ENABLE_DEBUG_INFO = INCLUDE_SOURCE;
				MTL_FAST_MATH = YES;
				ONLY_ACTIVE_ARCH = YES;
				SDKROOT = iphoneos;
				SWIFT_ACTIVE_COMPILATION_CONDITIONS = DEBUG;
				SWIFT_OPTIMIZATION_LEVEL = "-Onone";
			};
			name = Debug;
		};
		33A3FB38243F67AB00FBFBCB /* Release */ = {
			isa = XCBuildConfiguration;
			buildSettings = {
				ALWAYS_SEARCH_USER_PATHS = NO;
				CLANG_ANALYZER_NONNULL = YES;
				CLANG_ANALYZER_NUMBER_OBJECT_CONVERSION = YES_AGGRESSIVE;
				CLANG_CXX_LANGUAGE_STANDARD = "gnu++14";
				CLANG_CXX_LIBRARY = "libc++";
				CLANG_ENABLE_MODULES = YES;
				CLANG_ENABLE_OBJC_ARC = YES;
				CLANG_ENABLE_OBJC_WEAK = YES;
				CLANG_WARN_BLOCK_CAPTURE_AUTORELEASING = YES;
				CLANG_WARN_BOOL_CONVERSION = YES;
				CLANG_WARN_COMMA = YES;
				CLANG_WARN_CONSTANT_CONVERSION = YES;
				CLANG_WARN_DEPRECATED_OBJC_IMPLEMENTATIONS = YES;
				CLANG_WARN_DIRECT_OBJC_ISA_USAGE = YES_ERROR;
				CLANG_WARN_DOCUMENTATION_COMMENTS = YES;
				CLANG_WARN_EMPTY_BODY = YES;
				CLANG_WARN_ENUM_CONVERSION = YES;
				CLANG_WARN_INFINITE_RECURSION = YES;
				CLANG_WARN_INT_CONVERSION = YES;
				CLANG_WARN_NON_LITERAL_NULL_CONVERSION = YES;
				CLANG_WARN_OBJC_IMPLICIT_RETAIN_SELF = YES;
				CLANG_WARN_OBJC_LITERAL_CONVERSION = YES;
				CLANG_WARN_OBJC_ROOT_CLASS = YES_ERROR;
				CLANG_WARN_RANGE_LOOP_ANALYSIS = YES;
				CLANG_WARN_STRICT_PROTOTYPES = YES;
				CLANG_WARN_SUSPICIOUS_MOVE = YES;
				CLANG_WARN_UNGUARDED_AVAILABILITY = YES_AGGRESSIVE;
				CLANG_WARN_UNREACHABLE_CODE = YES;
				CLANG_WARN__DUPLICATE_METHOD_MATCH = YES;
				COPY_PHASE_STRIP = NO;
				DEBUG_INFORMATION_FORMAT = "dwarf-with-dsym";
				ENABLE_NS_ASSERTIONS = NO;
				ENABLE_STRICT_OBJC_MSGSEND = YES;
				GCC_C_LANGUAGE_STANDARD = gnu11;
				GCC_NO_COMMON_BLOCKS = YES;
				GCC_WARN_64_TO_32_BIT_CONVERSION = YES;
				GCC_WARN_ABOUT_RETURN_TYPE = YES_ERROR;
				GCC_WARN_UNDECLARED_SELECTOR = YES;
				GCC_WARN_UNINITIALIZED_AUTOS = YES_AGGRESSIVE;
				GCC_WARN_UNUSED_FUNCTION = YES;
				GCC_WARN_UNUSED_VARIABLE = YES;
				IPHONEOS_DEPLOYMENT_TARGET = 13.4;
				MTL_ENABLE_DEBUG_INFO = NO;
				MTL_FAST_MATH = YES;
				SDKROOT = iphoneos;
				SWIFT_COMPILATION_MODE = wholemodule;
				SWIFT_OPTIMIZATION_LEVEL = "-O";
				VALIDATE_PRODUCT = YES;
			};
			name = Release;
		};
		33A3FB3A243F67AB00FBFBCB /* Debug */ = {
			isa = XCBuildConfiguration;
			baseConfigurationReference = DF5495AD9D31EF7AB0845F6B /* Pods-Spokestack Studio iOS.debug.xcconfig */;
			buildSettings = {
				ASSETCATALOG_COMPILER_APPICON_NAME = AppIcon;
				CODE_SIGN_STYLE = Automatic;
				CURRENT_PROJECT_VERSION = 2020053101;
				DEVELOPMENT_ASSET_PATHS = "\"Spokestack Studio iOS/Preview Content\"";
				DEVELOPMENT_TEAM = Z7TPYC529T;
				ENABLE_PREVIEWS = YES;
				INFOPLIST_FILE = "Spokestack Studio iOS/Info.plist";
				IPHONEOS_DEPLOYMENT_TARGET = 13.0;
				LD_RUNPATH_SEARCH_PATHS = (
					"$(inherited)",
					"@executable_path/Frameworks",
				);
				MARKETING_VERSION = 1.0.0;
				PRODUCT_BUNDLE_IDENTIFIER = "io.spokestack.Spokestack-Studio-iOS";
				PRODUCT_NAME = "Spokestack Studio";
				SWIFT_VERSION = 5.0;
				TARGETED_DEVICE_FAMILY = "1,2";
			};
			name = Debug;
		};
		33A3FB3B243F67AB00FBFBCB /* Release */ = {
			isa = XCBuildConfiguration;
			baseConfigurationReference = 1B4E6F80FD9BA61D40C7D88F /* Pods-Spokestack Studio iOS.release.xcconfig */;
			buildSettings = {
				ASSETCATALOG_COMPILER_APPICON_NAME = AppIcon;
				CODE_SIGN_STYLE = Automatic;
				CURRENT_PROJECT_VERSION = 2020053101;
				DEVELOPMENT_ASSET_PATHS = "\"Spokestack Studio iOS/Preview Content\"";
				DEVELOPMENT_TEAM = Z7TPYC529T;
				ENABLE_PREVIEWS = YES;
				INFOPLIST_FILE = "Spokestack Studio iOS/Info.plist";
				IPHONEOS_DEPLOYMENT_TARGET = 13.0;
				LD_RUNPATH_SEARCH_PATHS = (
					"$(inherited)",
					"@executable_path/Frameworks",
				);
				MARKETING_VERSION = 1.0.0;
				PRODUCT_BUNDLE_IDENTIFIER = "io.spokestack.Spokestack-Studio-iOS";
				PRODUCT_NAME = "Spokestack Studio";
				SWIFT_VERSION = 5.0;
				TARGETED_DEVICE_FAMILY = "1,2";
			};
			name = Release;
		};
		33A3FB3D243F67AB00FBFBCB /* Debug */ = {
			isa = XCBuildConfiguration;
			buildSettings = {
				ALWAYS_EMBED_SWIFT_STANDARD_LIBRARIES = YES;
				BUNDLE_LOADER = "$(TEST_HOST)";
				CODE_SIGN_STYLE = Automatic;
				DEVELOPMENT_TEAM = Q7AES4XQ29;
				INFOPLIST_FILE = "Spokestack Studio iOSTests/Info.plist";
				IPHONEOS_DEPLOYMENT_TARGET = 13.4;
				LD_RUNPATH_SEARCH_PATHS = (
					"$(inherited)",
					"@executable_path/Frameworks",
					"@loader_path/Frameworks",
				);
				PRODUCT_BUNDLE_IDENTIFIER = "io.spokestack.Spokestack-Studio-iOSTests";
				PRODUCT_NAME = "$(TARGET_NAME)";
				SWIFT_VERSION = 5.0;
				TARGETED_DEVICE_FAMILY = "1,2";
				TEST_HOST = "$(BUILT_PRODUCTS_DIR)/Spokestack Studio iOS.app/Spokestack Studio iOS";
			};
			name = Debug;
		};
		33A3FB3E243F67AB00FBFBCB /* Release */ = {
			isa = XCBuildConfiguration;
			buildSettings = {
				ALWAYS_EMBED_SWIFT_STANDARD_LIBRARIES = YES;
				BUNDLE_LOADER = "$(TEST_HOST)";
				CODE_SIGN_STYLE = Automatic;
				DEVELOPMENT_TEAM = Q7AES4XQ29;
				INFOPLIST_FILE = "Spokestack Studio iOSTests/Info.plist";
				IPHONEOS_DEPLOYMENT_TARGET = 13.4;
				LD_RUNPATH_SEARCH_PATHS = (
					"$(inherited)",
					"@executable_path/Frameworks",
					"@loader_path/Frameworks",
				);
				PRODUCT_BUNDLE_IDENTIFIER = "io.spokestack.Spokestack-Studio-iOSTests";
				PRODUCT_NAME = "$(TARGET_NAME)";
				SWIFT_VERSION = 5.0;
				TARGETED_DEVICE_FAMILY = "1,2";
				TEST_HOST = "$(BUILT_PRODUCTS_DIR)/Spokestack Studio iOS.app/Spokestack Studio iOS";
			};
			name = Release;
		};
		33A3FB40243F67AB00FBFBCB /* Debug */ = {
			isa = XCBuildConfiguration;
			buildSettings = {
				ALWAYS_EMBED_SWIFT_STANDARD_LIBRARIES = YES;
				CODE_SIGN_STYLE = Automatic;
				DEVELOPMENT_TEAM = Q7AES4XQ29;
				INFOPLIST_FILE = "Spokestack Studio iOSUITests/Info.plist";
				LD_RUNPATH_SEARCH_PATHS = (
					"$(inherited)",
					"@executable_path/Frameworks",
					"@loader_path/Frameworks",
				);
				PRODUCT_BUNDLE_IDENTIFIER = "io.spokestack.Spokestack-Studio-iOSUITests";
				PRODUCT_NAME = "$(TARGET_NAME)";
				SWIFT_VERSION = 5.0;
				TARGETED_DEVICE_FAMILY = "1,2";
				TEST_TARGET_NAME = "Spokestack Studio iOS";
			};
			name = Debug;
		};
		33A3FB41243F67AB00FBFBCB /* Release */ = {
			isa = XCBuildConfiguration;
			buildSettings = {
				ALWAYS_EMBED_SWIFT_STANDARD_LIBRARIES = YES;
				CODE_SIGN_STYLE = Automatic;
				DEVELOPMENT_TEAM = Q7AES4XQ29;
				INFOPLIST_FILE = "Spokestack Studio iOSUITests/Info.plist";
				LD_RUNPATH_SEARCH_PATHS = (
					"$(inherited)",
					"@executable_path/Frameworks",
					"@loader_path/Frameworks",
				);
				PRODUCT_BUNDLE_IDENTIFIER = "io.spokestack.Spokestack-Studio-iOSUITests";
				PRODUCT_NAME = "$(TARGET_NAME)";
				SWIFT_VERSION = 5.0;
				TARGETED_DEVICE_FAMILY = "1,2";
				TEST_TARGET_NAME = "Spokestack Studio iOS";
			};
			name = Release;
		};
/* End XCBuildConfiguration section */

/* Begin XCConfigurationList section */
		33A3FB0A243F67A900FBFBCB /* Build configuration list for PBXProject "Spokestack Studio iOS" */ = {
			isa = XCConfigurationList;
			buildConfigurations = (
				33A3FB37243F67AB00FBFBCB /* Debug */,
				33A3FB38243F67AB00FBFBCB /* Release */,
			);
			defaultConfigurationIsVisible = 0;
			defaultConfigurationName = Release;
		};
		33A3FB39243F67AB00FBFBCB /* Build configuration list for PBXNativeTarget "Spokestack Studio iOS" */ = {
			isa = XCConfigurationList;
			buildConfigurations = (
				33A3FB3A243F67AB00FBFBCB /* Debug */,
				33A3FB3B243F67AB00FBFBCB /* Release */,
			);
			defaultConfigurationIsVisible = 0;
			defaultConfigurationName = Release;
		};
		33A3FB3C243F67AB00FBFBCB /* Build configuration list for PBXNativeTarget "Spokestack Studio iOSTests" */ = {
			isa = XCConfigurationList;
			buildConfigurations = (
				33A3FB3D243F67AB00FBFBCB /* Debug */,
				33A3FB3E243F67AB00FBFBCB /* Release */,
			);
			defaultConfigurationIsVisible = 0;
			defaultConfigurationName = Release;
		};
		33A3FB3F243F67AB00FBFBCB /* Build configuration list for PBXNativeTarget "Spokestack Studio iOSUITests" */ = {
			isa = XCConfigurationList;
			buildConfigurations = (
				33A3FB40243F67AB00FBFBCB /* Debug */,
				33A3FB41243F67AB00FBFBCB /* Release */,
			);
			defaultConfigurationIsVisible = 0;
			defaultConfigurationName = Release;
		};
/* End XCConfigurationList section */
	};
	rootObject = 33A3FB07243F67A900FBFBCB /* Project object */;
}
